<?xml version="1.0" encoding="utf-8"?>
<Project ToolsVersion="4.0" xmlns="http://schemas.microsoft.com/developer/msbuild/2003">
  <ItemGroup>
    <Filter Include="Source Files">
      <UniqueIdentifier>{4FC737F1-C7A5-4376-A066-2A32D752A2FF}</UniqueIdentifier>
      <Extensions>cpp;c;cc;cxx;c++;def;odl;idl;hpj;bat;asm;asmx</Extensions>
    </Filter>
    <Filter Include="Header Files">
      <UniqueIdentifier>{93995380-89BD-4b04-88EB-625FBE52EBFB}</UniqueIdentifier>
      <Extensions>h;hh;hpp;hxx;h++;hm;inl;inc;ipp;xsd</Extensions>
    </Filter>
    <Filter Include="Resource Files">
      <UniqueIdentifier>{67DA6AB6-F800-4c08-8B7A-83BB121AAD01}</UniqueIdentifier>
      <Extensions>rc;ico;cur;bmp;dlg;rc2;rct;bin;rgs;gif;jpg;jpeg;jpe;resx;tiff;tif;png;wav;mfcribbon-ms</Extensions>
    </Filter>
    <Filter Include="Header Files\Components">
      <UniqueIdentifier>{fabd0f47-39c3-4a70-976a-7e1cb620dc7e}</UniqueIdentifier>
    </Filter>
    <Filter Include="Header Files\Base">
      <UniqueIdentifier>{9d67db3b-4b57-44e4-af42-7a543ad4ad32}</UniqueIdentifier>
    </Filter>
    <Filter Include="Header Files\Components\WindowMessageHandlers">
      <UniqueIdentifier>{a57ec5a1-cf55-4af7-98d7-acadfab67509}</UniqueIdentifier>
    </Filter>
    <Filter Include="Source Files\Base">
      <UniqueIdentifier>{34c53e42-3653-4628-9990-1feea0fd6268}</UniqueIdentifier>
    </Filter>
    <Filter Include="Source Files\Components">
      <UniqueIdentifier>{de662291-4592-4912-a009-c5ab1942fea1}</UniqueIdentifier>
    </Filter>
    <Filter Include="Source Files\Components\WindowMessageHandlers">
      <UniqueIdentifier>{42dfb181-1574-476a-af4a-53156c85ecff}</UniqueIdentifier>
    </Filter>
    <Filter Include="Header Files\Include">
      <UniqueIdentifier>{980dae65-e1b9-476b-8a43-c0ef5314507e}</UniqueIdentifier>
    </Filter>
  </ItemGroup>
  <ItemGroup>
    <ClCompile Include="src\base\Exception.cpp">
      <Filter>Source Files\Base</Filter>
    </ClCompile>
    <ClCompile Include="src\WindowComponent.cpp">
      <Filter>Source Files\Components</Filter>
    </ClCompile>
    <ClCompile Include="src\MouseClick.cpp">
      <Filter>Source Files\Components\WindowMessageHandlers</Filter>
    </ClCompile>
    <ClCompile Include="src\WindowClose.cpp">
      <Filter>Source Files\Components\WindowMessageHandlers</Filter>
    </ClCompile>
    <ClCompile Include="src\Component.cpp">
      <Filter>Source Files\Components</Filter>
    </ClCompile>
    <ClCompile Include="src\ButtonComponent.cpp">
      <Filter>Source Files\Components</Filter>
    </ClCompile>
    <ClCompile Include="src\WindowPaint.cpp">
      <Filter>Source Files\Components\WindowMessageHandlers</Filter>
    </ClCompile>
    <ClCompile Include="src\WindowEraseBackground.cpp">
      <Filter>Source Files\Components\WindowMessageHandlers</Filter>
    </ClCompile>
    <ClCompile Include="src\WindowSizingMoving.cpp">
      <Filter>Source Files\Components\WindowMessageHandlers</Filter>
    </ClCompile>
  </ItemGroup>
  <ItemGroup>
    <ClInclude Include="src\base\Exception.h">
      <Filter>Header Files\Base</Filter>
    </ClInclude>
    <ClInclude Include="src\Component.h">
      <Filter>Header Files\Components</Filter>
    </ClInclude>
    <ClInclude Include="src\WindowComponent.h">
      <Filter>Header Files\Components</Filter>
    </ClInclude>
    <ClInclude Include="src\WindowException.h">
      <Filter>Header Files\Components</Filter>
    </ClInclude>
    <ClInclude Include="src\WindowMessageHandler.h">
      <Filter>Header Files\Components</Filter>
    </ClInclude>
    <ClInclude Include="src\MouseClick.h">
      <Filter>Header Files\Components\WindowMessageHandlers</Filter>
    </ClInclude>
    <ClInclude Include="src\WindowClose.h">
      <Filter>Header Files\Components\WindowMessageHandlers</Filter>
    </ClInclude>
    <ClInclude Include="src\ButtonComponent.h">
      <Filter>Header Files\Components</Filter>
    </ClInclude>
    <ClInclude Include="src\WindowPaint.h">
      <Filter>Header Files\Components\WindowMessageHandlers</Filter>
    </ClInclude>
    <ClInclude Include="src\Drawable.h">
      <Filter>Header Files</Filter>
    </ClInclude>
    <ClInclude Include="src\WindowEraseBackground.h">
      <Filter>Header Files\Components\WindowMessageHandlers</Filter>
    </ClInclude>
    <ClInclude Include="src\PanelComponent.h">
      <Filter>Header Files\Components</Filter>
    </ClInclude>
    <ClInclude Include="src\WindowSizingMoving.h">
      <Filter>Header Files\Components\WindowMessageHandlers</Filter>
    </ClInclude>
    <ClInclude Include="include\AWC.h">
      <Filter>Header Files\Include</Filter>
    </ClInclude>
  </ItemGroup>
</Project>